{
  "lockfile_version": "1",
  "packages": {
    "github:NixOS/nixpkgs/nixpkgs-unstable": {
      "last_modified": "2026-01-02T14:39:32Z",
      "resolved": "github:NixOS/nixpkgs/16c7794d0a28b5a37904d55bcca36003b9109aaa?lastModified=1767364772"
    },
    "kubectl@latest": {
      "last_modified": "2025-12-16T16:49:59Z",
      "resolved": "github:NixOS/nixpkgs/e8d16d2186d6ed9f047eb30948e97e7e01886d10#kubectl",
      "source": "devbox-search",
      "version": "1.34.3",
      "systems": {
        "aarch64-darwin": {
          "outputs": [
            {
              "name": "out",
              "path": "/nix/store/wh7x3h048nvpnz9iv8m2wff57rcbns4h-kubectl-1.34.3",
              "default": true
            },
            {
              "name": "man",
              "path": "/nix/store/0z1gk04zvcpy5zm43j42p9sxdkx9gsap-kubectl-1.34.3-man",
              "default": true
            },
            {
              "name": "convert",
              "path": "/nix/store/sgjynqwjc1bzd9j90x50l1f4k8av0q7y-kubectl-1.34.3-convert"
            }
          ],
          "store_path": "/nix/store/wh7x3h048nvpnz9iv8m2wff57rcbns4h-kubectl-1.34.3"
        },
        "aarch64-linux": {
          "outputs": [
            {
              "name": "out",
              "path": "/nix/store/sm68c4d3gg7sch2fpa3ilmlxilqm9525-kubectl-1.34.3",
              "default": true
            },
            {
              "name": "man",
              "path": "/nix/store/d1ld1hbv276y9342aq4wa3x1mjfsd0wq-kubectl-1.34.3-man",
              "default": true
            },
            {
              "name": "convert",
              "path": "/nix/store/2s84f8b0y40879v5vxarlg8h5i6whjab-kubectl-1.34.3-convert"
            }
          ],
          "store_path": "/nix/store/sm68c4d3gg7sch2fpa3ilmlxilqm9525-kubectl-1.34.3"
        },
        "x86_64-darwin": {
          "outputs": [
            {
              "name": "out",
              "path": "/nix/store/4rbd3ml1ibkbp41vp23p3712m5ziqcfm-kubectl-1.34.3",
              "default": true
            },
            {
              "name": "man",
              "path": "/nix/store/k83zqin5j3879l38dly5w4nfg536p170-kubectl-1.34.3-man",
              "default": true
            },
            {
              "name": "convert",
              "path": "/nix/store/r9dni0s5zc9hka7zbi36jglqlj3n7bgm-kubectl-1.34.3-convert"
            }
          ],
          "store_path": "/nix/store/4rbd3ml1ibkbp41vp23p3712m5ziqcfm-kubectl-1.34.3"
        },
        "x86_64-linux": {
          "outputs": [
            {
              "name": "out",
              "path": "/nix/store/589b0djk7wn3k3chyzp9a6wi6al95wn1-kubectl-1.34.3",
              "default": true
            },
            {
              "name": "man",
              "path": "/nix/store/sc5pab1b1hd20gpvk5rzj638wkgz0pvz-kubectl-1.34.3-man",
              "default": true
            },
            {
              "name": "convert",
              "path": "/nix/store/4cyp95klz5fvnfsizj2n93mfbhmg7v39-kubectl-1.34.3-convert"
            }
          ],
          "store_path": "/nix/store/589b0djk7wn3k3chyzp9a6wi6al95wn1-kubectl-1.34.3"
        }
      }
    },
    "opentofu@latest": {
      "last_modified": "2025-12-21T10:48:17Z",
      "resolved": "github:NixOS/nixpkgs/306ea70f9eb0fb4e040f8540e2deab32ed7e2055#opentofu",
      "source": "devbox-search",
      "version": "1.11.2",
      "systems": {
        "aarch64-darwin": {
          "outputs": [
            {
              "name": "out",
              "path": "/nix/store/nljjhv4di9zyl215hjarm34pkgsmzqvv-opentofu-1.11.2",
              "default": true
            }
          ],
          "store_path": "/nix/store/nljjhv4di9zyl215hjarm34pkgsmzqvv-opentofu-1.11.2"
        },
        "aarch64-linux": {
          "outputs": [
            {
              "name": "out",
              "path": "/nix/store/bybfj82asfqjcq0y4af2h7vmvc90zwmq-opentofu-1.11.2",
              "default": true
            }
          ],
          "store_path": "/nix/store/bybfj82asfqjcq0y4af2h7vmvc90zwmq-opentofu-1.11.2"
        },
        "x86_64-darwin": {
          "outputs": [
            {
              "name": "out",
              "path": "/nix/store/ga61l5ip56whchqhahahwsljfblxqxw7-opentofu-1.11.2",
              "default": true
            }
          ],
          "store_path": "/nix/store/ga61l5ip56whchqhahahwsljfblxqxw7-opentofu-1.11.2"
        },
        "x86_64-linux": {
          "outputs": [
            {
              "name": "out",
              "path": "/nix/store/q4zi2lmlimzxv7mix9manl763zhzvnmp-opentofu-1.11.2",
              "default": true
            }
          ],
          "store_path": "/nix/store/q4zi2lmlimzxv7mix9manl763zhzvnmp-opentofu-1.11.2"
        }
      }
    }
  }
}
